// !$*UTF8*$!
{
	archiveVersion = 1;
	classes = {
	};
	objectVersion = 46;
	objects = {

/* Begin PBXBuildFile section */
		6FFC2A5E18F4A78400464C50 /* CMJCameraViewController.m in Sources */ = {isa = PBXBuildFile; fileRef = 6FFC2A5D18F4A78400464C50 /* CMJCameraViewController.m */; };
		70AA126B18F43F550069250A /* Foundation.framework in Frameworks */ = {isa = PBXBuildFile; fileRef = 70AA126A18F43F550069250A /* Foundation.framework */; };
		70AA126D18F43F550069250A /* CoreGraphics.framework in Frameworks */ = {isa = PBXBuildFile; fileRef = 70AA126C18F43F550069250A /* CoreGraphics.framework */; };
		70AA126F18F43F550069250A /* UIKit.framework in Frameworks */ = {isa = PBXBuildFile; fileRef = 70AA126E18F43F550069250A /* UIKit.framework */; };
		70AA127518F43F560069250A /* InfoPlist.strings in Resources */ = {isa = PBXBuildFile; fileRef = 70AA127318F43F560069250A /* InfoPlist.strings */; };
		70AA127718F43F560069250A /* main.m in Sources */ = {isa = PBXBuildFile; fileRef = 70AA127618F43F560069250A /* main.m */; };
		70AA127B18F43F560069250A /* CMJAppDelegate.m in Sources */ = {isa = PBXBuildFile; fileRef = 70AA127A18F43F560069250A /* CMJAppDelegate.m */; };
		70AA127E18F43F560069250A /* Main.storyboard in Resources */ = {isa = PBXBuildFile; fileRef = 70AA127C18F43F560069250A /* Main.storyboard */; };
		70AA128118F43F570069250A /* CMJViewController.m in Sources */ = {isa = PBXBuildFile; fileRef = 70AA128018F43F570069250A /* CMJViewController.m */; };
		70AA128318F43F570069250A /* Images.xcassets in Resources */ = {isa = PBXBuildFile; fileRef = 70AA128218F43F570069250A /* Images.xcassets */; };
		70AA128A18F43F590069250A /* XCTest.framework in Frameworks */ = {isa = PBXBuildFile; fileRef = 70AA128918F43F590069250A /* XCTest.framework */; };
		70AA128B18F43F590069250A /* Foundation.framework in Frameworks */ = {isa = PBXBuildFile; fileRef = 70AA126A18F43F550069250A /* Foundation.framework */; };
		70AA128C18F43F590069250A /* UIKit.framework in Frameworks */ = {isa = PBXBuildFile; fileRef = 70AA126E18F43F550069250A /* UIKit.framework */; };
		70AA129418F43F590069250A /* InfoPlist.strings in Resources */ = {isa = PBXBuildFile; fileRef = 70AA129218F43F590069250A /* InfoPlist.strings */; };
		70AA129618F43F590069250A /* EwwKittensTests.m in Sources */ = {isa = PBXBuildFile; fileRef = 70AA129518F43F590069250A /* EwwKittensTests.m */; };
		70AA12A118F44A300069250A /* AllProfilesViewController.m in Sources */ = {isa = PBXBuildFile; fileRef = 70AA12A018F44A300069250A /* AllProfilesViewController.m */; };
		91701186A08944F1B2837DC0 /* libPods.a in Frameworks */ = {isa = PBXBuildFile; fileRef = A3EC3C5AEC1E423B8F52FE66 /* libPods.a */; };
		D03A03CD18F4AE14009CD832 /* LoginViewController.m in Sources */ = {isa = PBXBuildFile; fileRef = D03A03CC18F4AE14009CD832 /* LoginViewController.m */; };
		D03A03D018F4B6CE009CD832 /* UserActivityViewController.m in Sources */ = {isa = PBXBuildFile; fileRef = D03A03CF18F4B6CE009CD832 /* UserActivityViewController.m */; };
		D03A03D318F4BA3F009CD832 /* PhotoTableViewController.m in Sources */ = {isa = PBXBuildFile; fileRef = D03A03D218F4BA3F009CD832 /* PhotoTableViewController.m */; };
		D03A03D618F4BC1D009CD832 /* DetailViewController.m in Sources */ = {isa = PBXBuildFile; fileRef = D03A03D518F4BC1D009CD832 /* DetailViewController.m */; };
/* End PBXBuildFile section */

/* Begin PBXContainerItemProxy section */
		70AA128D18F43F590069250A /* PBXContainerItemProxy */ = {
			isa = PBXContainerItemProxy;
			containerPortal = 70AA125F18F43F540069250A /* Project object */;
			proxyType = 1;
			remoteGlobalIDString = 70AA126618F43F540069250A;
			remoteInfo = EwwKittens;
		};
/* End PBXContainerItemProxy section */

/* Begin PBXFileReference section */
		1B5EAC0174F244EEAE5F10ED /* Pods.xcconfig */ = {isa = PBXFileReference; includeInIndex = 1; lastKnownFileType = text.xcconfig; name = Pods.xcconfig; path = Pods/Pods.xcconfig; sourceTree = "<group>"; };
		6FFC2A5A18F4A5E500464C50 /* EwwKittens.app */ = {isa = PBXFileReference; explicitFileType = wrapper.application; includeInIndex = 0; path = EwwKittens.app; sourceTree = BUILT_PRODUCTS_DIR; };
		6FFC2A5B18F4A5E500464C50 /* EwwKittensTests.xctest */ = {isa = PBXFileReference; explicitFileType = wrapper.cfbundle; includeInIndex = 0; path = EwwKittensTests.xctest; sourceTree = BUILT_PRODUCTS_DIR; };
		6FFC2A5C18F4A78400464C50 /* CMJCameraViewController.h */ = {isa = PBXFileReference; fileEncoding = 4; lastKnownFileType = sourcecode.c.h; path = CMJCameraViewController.h; sourceTree = "<group>"; };
		6FFC2A5D18F4A78400464C50 /* CMJCameraViewController.m */ = {isa = PBXFileReference; fileEncoding = 4; lastKnownFileType = sourcecode.c.objc; path = CMJCameraViewController.m; sourceTree = "<group>"; };
		70AA126A18F43F550069250A /* Foundation.framework */ = {isa = PBXFileReference; lastKnownFileType = wrapper.framework; name = Foundation.framework; path = System/Library/Frameworks/Foundation.framework; sourceTree = SDKROOT; };
		70AA126C18F43F550069250A /* CoreGraphics.framework */ = {isa = PBXFileReference; lastKnownFileType = wrapper.framework; name = CoreGraphics.framework; path = System/Library/Frameworks/CoreGraphics.framework; sourceTree = SDKROOT; };
		70AA126E18F43F550069250A /* UIKit.framework */ = {isa = PBXFileReference; lastKnownFileType = wrapper.framework; name = UIKit.framework; path = System/Library/Frameworks/UIKit.framework; sourceTree = SDKROOT; };
		70AA127218F43F550069250A /* EwwKittens-Info.plist */ = {isa = PBXFileReference; lastKnownFileType = text.plist.xml; path = "EwwKittens-Info.plist"; sourceTree = "<group>"; };
		70AA127418F43F560069250A /* en */ = {isa = PBXFileReference; lastKnownFileType = text.plist.strings; name = en; path = en.lproj/InfoPlist.strings; sourceTree = "<group>"; };
		70AA127618F43F560069250A /* main.m */ = {isa = PBXFileReference; lastKnownFileType = sourcecode.c.objc; path = main.m; sourceTree = "<group>"; };
		70AA127818F43F560069250A /* EwwKittens-Prefix.pch */ = {isa = PBXFileReference; lastKnownFileType = sourcecode.c.h; path = "EwwKittens-Prefix.pch"; sourceTree = "<group>"; };
		70AA127918F43F560069250A /* CMJAppDelegate.h */ = {isa = PBXFileReference; lastKnownFileType = sourcecode.c.h; name = CMJAppDelegate.h; path = EwwKittens/CMJAppDelegate.h; sourceTree = "<group>"; };
		70AA127A18F43F560069250A /* CMJAppDelegate.m */ = {isa = PBXFileReference; lastKnownFileType = sourcecode.c.objc; name = CMJAppDelegate.m; path = EwwKittens/CMJAppDelegate.m; sourceTree = "<group>"; };
		70AA127D18F43F560069250A /* Base */ = {isa = PBXFileReference; lastKnownFileType = file.storyboard; name = Base; path = Base.lproj/Main.storyboard; sourceTree = "<group>"; };
		70AA127F18F43F570069250A /* CMJViewController.h */ = {isa = PBXFileReference; lastKnownFileType = sourcecode.c.h; path = CMJViewController.h; sourceTree = "<group>"; };
		70AA128018F43F570069250A /* CMJViewController.m */ = {isa = PBXFileReference; lastKnownFileType = sourcecode.c.objc; path = CMJViewController.m; sourceTree = "<group>"; };
		70AA128218F43F570069250A /* Images.xcassets */ = {isa = PBXFileReference; lastKnownFileType = folder.assetcatalog; path = Images.xcassets; sourceTree = "<group>"; };
		70AA128918F43F590069250A /* XCTest.framework */ = {isa = PBXFileReference; lastKnownFileType = wrapper.framework; name = XCTest.framework; path = Library/Frameworks/XCTest.framework; sourceTree = DEVELOPER_DIR; };
		70AA129118F43F590069250A /* EwwKittensTests-Info.plist */ = {isa = PBXFileReference; lastKnownFileType = text.plist.xml; path = "EwwKittensTests-Info.plist"; sourceTree = "<group>"; };
		70AA129318F43F590069250A /* en */ = {isa = PBXFileReference; lastKnownFileType = text.plist.strings; name = en; path = en.lproj/InfoPlist.strings; sourceTree = "<group>"; };
		70AA129518F43F590069250A /* EwwKittensTests.m */ = {isa = PBXFileReference; lastKnownFileType = sourcecode.c.objc; path = EwwKittensTests.m; sourceTree = "<group>"; };
		70AA129F18F44A300069250A /* AllProfilesViewController.h */ = {isa = PBXFileReference; fileEncoding = 4; lastKnownFileType = sourcecode.c.h; path = AllProfilesViewController.h; sourceTree = "<group>"; };
		70AA12A018F44A300069250A /* AllProfilesViewController.m */ = {isa = PBXFileReference; fileEncoding = 4; lastKnownFileType = sourcecode.c.objc; path = AllProfilesViewController.m; sourceTree = "<group>"; };
		70AA12A218F46BE80069250A /* ProfileDetailViewController.h */ = {isa = PBXFileReference; fileEncoding = 4; lastKnownFileType = sourcecode.c.h; name = ProfileDetailViewController.h; path = /Users/Jaime/MobileMakers/TeamEwwKittens/ProfileDetailViewController.h; sourceTree = "<absolute>"; };
		70AA12A318F46BE80069250A /* ProfileDetailViewController.m */ = {isa = PBXFileReference; fileEncoding = 4; lastKnownFileType = sourcecode.c.objc; name = ProfileDetailViewController.m; path = /Users/Jaime/MobileMakers/TeamEwwKittens/ProfileDetailViewController.m; sourceTree = "<absolute>"; };
		A3EC3C5AEC1E423B8F52FE66 /* libPods.a */ = {isa = PBXFileReference; explicitFileType = archive.ar; includeInIndex = 0; path = libPods.a; sourceTree = BUILT_PRODUCTS_DIR; };
		D03A03CB18F4AE14009CD832 /* LoginViewController.h */ = {isa = PBXFileReference; fileEncoding = 4; lastKnownFileType = sourcecode.c.h; path = LoginViewController.h; sourceTree = "<group>"; };
		D03A03CC18F4AE14009CD832 /* LoginViewController.m */ = {isa = PBXFileReference; fileEncoding = 4; lastKnownFileType = sourcecode.c.objc; path = LoginViewController.m; sourceTree = "<group>"; };
		D03A03CE18F4B6CE009CD832 /* UserActivityViewController.h */ = {isa = PBXFileReference; fileEncoding = 4; lastKnownFileType = sourcecode.c.h; path = UserActivityViewController.h; sourceTree = "<group>"; };
		D03A03CF18F4B6CE009CD832 /* UserActivityViewController.m */ = {isa = PBXFileReference; fileEncoding = 4; lastKnownFileType = sourcecode.c.objc; path = UserActivityViewController.m; sourceTree = "<group>"; };
		D03A03D118F4BA3E009CD832 /* PhotoTableViewController.h */ = {isa = PBXFileReference; fileEncoding = 4; lastKnownFileType = sourcecode.c.h; path = PhotoTableViewController.h; sourceTree = "<group>"; };
		D03A03D218F4BA3F009CD832 /* PhotoTableViewController.m */ = {isa = PBXFileReference; fileEncoding = 4; lastKnownFileType = sourcecode.c.objc; path = PhotoTableViewController.m; sourceTree = "<group>"; };
		D03A03D418F4BC1D009CD832 /* DetailViewController.h */ = {isa = PBXFileReference; fileEncoding = 4; lastKnownFileType = sourcecode.c.h; path = DetailViewController.h; sourceTree = "<group>"; };
		D03A03D518F4BC1D009CD832 /* DetailViewController.m */ = {isa = PBXFileReference; fileEncoding = 4; lastKnownFileType = sourcecode.c.objc; path = DetailViewController.m; sourceTree = "<group>"; };
/* End PBXFileReference section */

/* Begin PBXFrameworksBuildPhase section */
		70AA126418F43F540069250A /* Frameworks */ = {
			isa = PBXFrameworksBuildPhase;
			buildActionMask = 2147483647;
			files = (
				70AA126D18F43F550069250A /* CoreGraphics.framework in Frameworks */,
				70AA126F18F43F550069250A /* UIKit.framework in Frameworks */,
				70AA126B18F43F550069250A /* Foundation.framework in Frameworks */,
				91701186A08944F1B2837DC0 /* libPods.a in Frameworks */,
			);
			runOnlyForDeploymentPostprocessing = 0;
		};
		70AA128518F43F590069250A /* Frameworks */ = {
			isa = PBXFrameworksBuildPhase;
			buildActionMask = 2147483647;
			files = (
				70AA128A18F43F590069250A /* XCTest.framework in Frameworks */,
				70AA128C18F43F590069250A /* UIKit.framework in Frameworks */,
				70AA128B18F43F590069250A /* Foundation.framework in Frameworks */,
			);
			runOnlyForDeploymentPostprocessing = 0;
		};
/* End PBXFrameworksBuildPhase section */

/* Begin PBXGroup section */
		70AA125E18F43F530069250A = {
			isa = PBXGroup;
			children = (
				70AA127918F43F560069250A /* CMJAppDelegate.h */,
				70AA127A18F43F560069250A /* CMJAppDelegate.m */,
				70AA127C18F43F560069250A /* Main.storyboard */,
				6FFC2A5C18F4A78400464C50 /* CMJCameraViewController.h */,
				6FFC2A5D18F4A78400464C50 /* CMJCameraViewController.m */,
				70AA127018F43F550069250A /* EwwKittens */,
				70AA128F18F43F590069250A /* EwwKittensTests */,
				70AA126918F43F550069250A /* Frameworks */,
				1B5EAC0174F244EEAE5F10ED /* Pods.xcconfig */,
				6FFC2A5A18F4A5E500464C50 /* EwwKittens.app */,
				6FFC2A5B18F4A5E500464C50 /* EwwKittensTests.xctest */,
			);
			sourceTree = "<group>";
		};
		70AA126918F43F550069250A /* Frameworks */ = {
			isa = PBXGroup;
			children = (
				70AA126A18F43F550069250A /* Foundation.framework */,
				70AA126C18F43F550069250A /* CoreGraphics.framework */,
				70AA126E18F43F550069250A /* UIKit.framework */,
				70AA128918F43F590069250A /* XCTest.framework */,
				A3EC3C5AEC1E423B8F52FE66 /* libPods.a */,
			);
			name = Frameworks;
			sourceTree = "<group>";
		};
		70AA127018F43F550069250A /* EwwKittens */ = {
			isa = PBXGroup;
			children = (
				70AA12A218F46BE80069250A /* ProfileDetailViewController.h */,
				70AA12A318F46BE80069250A /* ProfileDetailViewController.m */,
				70AA127F18F43F570069250A /* CMJViewController.h */,
				70AA128018F43F570069250A /* CMJViewController.m */,
				70AA129F18F44A300069250A /* AllProfilesViewController.h */,
				D03A03CB18F4AE14009CD832 /* LoginViewController.h */,
				D03A03CC18F4AE14009CD832 /* LoginViewController.m */,
				D03A03CE18F4B6CE009CD832 /* UserActivityViewController.h */,
				D03A03CF18F4B6CE009CD832 /* UserActivityViewController.m */,
				D03A03D118F4BA3E009CD832 /* PhotoTableViewController.h */,
				D03A03D218F4BA3F009CD832 /* PhotoTableViewController.m */,
				D03A03D418F4BC1D009CD832 /* DetailViewController.h */,
				D03A03D518F4BC1D009CD832 /* DetailViewController.m */,
				70AA12A018F44A300069250A /* AllProfilesViewController.m */,
				70AA128218F43F570069250A /* Images.xcassets */,
				70AA127118F43F550069250A /* Supporting Files */,
			);
			path = EwwKittens;
			sourceTree = "<group>";
		};
		70AA127118F43F550069250A /* Supporting Files */ = {
			isa = PBXGroup;
			children = (
				70AA127218F43F550069250A /* EwwKittens-Info.plist */,
				70AA127318F43F560069250A /* InfoPlist.strings */,
				70AA127618F43F560069250A /* main.m */,
				70AA127818F43F560069250A /* EwwKittens-Prefix.pch */,
			);
			name = "Supporting Files";
			sourceTree = "<group>";
		};
		70AA128F18F43F590069250A /* EwwKittensTests */ = {
			isa = PBXGroup;
			children = (
				70AA129518F43F590069250A /* EwwKittensTests.m */,
				70AA129018F43F590069250A /* Supporting Files */,
			);
			path = EwwKittensTests;
			sourceTree = "<group>";
		};
		70AA129018F43F590069250A /* Supporting Files */ = {
			isa = PBXGroup;
			children = (
				70AA129118F43F590069250A /* EwwKittensTests-Info.plist */,
				70AA129218F43F590069250A /* InfoPlist.strings */,
			);
			name = "Supporting Files";
			sourceTree = "<group>";
		};
/* End PBXGroup section */

/* Begin PBXNativeTarget section */
		70AA126618F43F540069250A /* EwwKittens */ = {
			isa = PBXNativeTarget;
			buildConfigurationList = 70AA129918F43F590069250A /* Build configuration list for PBXNativeTarget "EwwKittens" */;
			buildPhases = (
				D398DC2EFB6146DB8025C7A6 /* Check Pods Manifest.lock */,
				70AA126318F43F540069250A /* Sources */,
				70AA126418F43F540069250A /* Frameworks */,
				70AA126518F43F540069250A /* Resources */,
				34A47D834C0A4ABBADECCD0F /* Copy Pods Resources */,
			);
			buildRules = (
			);
			dependencies = (
			);
			name = EwwKittens;
			productName = EwwKittens;
			productReference = 6FFC2A5A18F4A5E500464C50 /* EwwKittens.app */;
			productType = "com.apple.product-type.application";
		};
		70AA128718F43F590069250A /* EwwKittensTests */ = {
			isa = PBXNativeTarget;
			buildConfigurationList = 70AA129C18F43F590069250A /* Build configuration list for PBXNativeTarget "EwwKittensTests" */;
			buildPhases = (
				70AA128418F43F590069250A /* Sources */,
				70AA128518F43F590069250A /* Frameworks */,
				70AA128618F43F590069250A /* Resources */,
			);
			buildRules = (
			);
			dependencies = (
				70AA128E18F43F590069250A /* PBXTargetDependency */,
			);
			name = EwwKittensTests;
			productName = EwwKittensTests;
			productReference = 6FFC2A5B18F4A5E500464C50 /* EwwKittensTests.xctest */;
			productType = "com.apple.product-type.bundle.unit-test";
		};
/* End PBXNativeTarget section */

/* Begin PBXProject section */
		70AA125F18F43F540069250A /* Project object */ = {
			isa = PBXProject;
			attributes = {
				CLASSPREFIX = CMJ;
				LastUpgradeCheck = 0510;
				ORGANIZATIONNAME = "Claire Jencks";
				TargetAttributes = {
					70AA128718F43F590069250A = {
						TestTargetID = 70AA126618F43F540069250A;
					};
				};
			};
			buildConfigurationList = 70AA126218F43F540069250A /* Build configuration list for PBXProject "EwwKittens" */;
			compatibilityVersion = "Xcode 3.2";
			developmentRegion = English;
			hasScannedForEncodings = 0;
			knownRegions = (
				en,
				Base,
			);
			mainGroup = 70AA125E18F43F530069250A;
			productRefGroup = 70AA125E18F43F530069250A;
			projectDirPath = "";
			projectRoot = "";
			targets = (
				70AA126618F43F540069250A /* EwwKittens */,
				70AA128718F43F590069250A /* EwwKittensTests */,
			);
		};
/* End PBXProject section */

/* Begin PBXResourcesBuildPhase section */
		70AA126518F43F540069250A /* Resources */ = {
			isa = PBXResourcesBuildPhase;
			buildActionMask = 2147483647;
			files = (
				70AA128318F43F570069250A /* Images.xcassets in Resources */,
				70AA127518F43F560069250A /* InfoPlist.strings in Resources */,
				70AA127E18F43F560069250A /* Main.storyboard in Resources */,
			);
			runOnlyForDeploymentPostprocessing = 0;
		};
		70AA128618F43F590069250A /* Resources */ = {
			isa = PBXResourcesBuildPhase;
			buildActionMask = 2147483647;
			files = (
				70AA129418F43F590069250A /* InfoPlist.strings in Resources */,
			);
			runOnlyForDeploymentPostprocessing = 0;
		};
/* End PBXResourcesBuildPhase section */

/* Begin PBXShellScriptBuildPhase section */
		34A47D834C0A4ABBADECCD0F /* Copy Pods Resources */ = {
			isa = PBXShellScriptBuildPhase;
			buildActionMask = 2147483647;
			files = (
			);
			inputPaths = (
			);
			name = "Copy Pods Resources";
			outputPaths = (
			);
			runOnlyForDeploymentPostprocessing = 0;
			shellPath = /bin/sh;
			shellScript = "\"${SRCROOT}/Pods/Pods-resources.sh\"\n";
			showEnvVarsInLog = 0;
		};
		D398DC2EFB6146DB8025C7A6 /* Check Pods Manifest.lock */ = {
			isa = PBXShellScriptBuildPhase;
			buildActionMask = 2147483647;
			files = (
			);
			inputPaths = (
			);
			name = "Check Pods Manifest.lock";
			outputPaths = (
			);
			runOnlyForDeploymentPostprocessing = 0;
			shellPath = /bin/sh;
			shellScript = "diff \"${PODS_ROOT}/../Podfile.lock\" \"${PODS_ROOT}/Manifest.lock\" > /dev/null\nif [[ $? != 0 ]] ; then\n    cat << EOM\nerror: The sandbox is not in sync with the Podfile.lock. Run 'pod install' or update your CocoaPods installation.\nEOM\n    exit 1\nfi\n";
			showEnvVarsInLog = 0;
		};
/* End PBXShellScriptBuildPhase section */

/* Begin PBXSourcesBuildPhase section */
		70AA126318F43F540069250A /* Sources */ = {
			isa = PBXSourcesBuildPhase;
			buildActionMask = 2147483647;
			files = (
				70AA128118F43F570069250A /* CMJViewController.m in Sources */,
				D03A03D318F4BA3F009CD832 /* PhotoTableViewController.m in Sources */,
				70AA127718F43F560069250A /* main.m in Sources */,
				D03A03D018F4B6CE009CD832 /* UserActivityViewController.m in Sources */,
				70AA127B18F43F560069250A /* CMJAppDelegate.m in Sources */,
<<<<<<< HEAD
=======
				D03A03D618F4BC1D009CD832 /* DetailViewController.m in Sources */,
				70AA12A418F46BE80069250A /* ProfileDetailViewController.m in Sources */,
				D03A03CD18F4AE14009CD832 /* LoginViewController.m in Sources */,
>>>>>>> 28fb60df55b7966eef7e179fe38542092d36546f
				6FFC2A5E18F4A78400464C50 /* CMJCameraViewController.m in Sources */,
				70AA12A118F44A300069250A /* AllProfilesViewController.m in Sources */,
			);
			runOnlyForDeploymentPostprocessing = 0;
		};
		70AA128418F43F590069250A /* Sources */ = {
			isa = PBXSourcesBuildPhase;
			buildActionMask = 2147483647;
			files = (
				70AA129618F43F590069250A /* EwwKittensTests.m in Sources */,
			);
			runOnlyForDeploymentPostprocessing = 0;
		};
/* End PBXSourcesBuildPhase section */

/* Begin PBXTargetDependency section */
		70AA128E18F43F590069250A /* PBXTargetDependency */ = {
			isa = PBXTargetDependency;
			target = 70AA126618F43F540069250A /* EwwKittens */;
			targetProxy = 70AA128D18F43F590069250A /* PBXContainerItemProxy */;
		};
/* End PBXTargetDependency section */

/* Begin PBXVariantGroup section */
		70AA127318F43F560069250A /* InfoPlist.strings */ = {
			isa = PBXVariantGroup;
			children = (
				70AA127418F43F560069250A /* en */,
			);
			name = InfoPlist.strings;
			sourceTree = "<group>";
		};
		70AA127C18F43F560069250A /* Main.storyboard */ = {
			isa = PBXVariantGroup;
			children = (
				70AA127D18F43F560069250A /* Base */,
			);
			name = Main.storyboard;
			path = EwwKittens;
			sourceTree = "<group>";
		};
		70AA129218F43F590069250A /* InfoPlist.strings */ = {
			isa = PBXVariantGroup;
			children = (
				70AA129318F43F590069250A /* en */,
			);
			name = InfoPlist.strings;
			sourceTree = "<group>";
		};
/* End PBXVariantGroup section */

/* Begin XCBuildConfiguration section */
		70AA129718F43F590069250A /* Debug */ = {
			isa = XCBuildConfiguration;
			buildSettings = {
				ALWAYS_SEARCH_USER_PATHS = NO;
				CLANG_CXX_LANGUAGE_STANDARD = "gnu++0x";
				CLANG_CXX_LIBRARY = "libc++";
				CLANG_ENABLE_MODULES = YES;
				CLANG_ENABLE_OBJC_ARC = YES;
				CLANG_WARN_BOOL_CONVERSION = YES;
				CLANG_WARN_CONSTANT_CONVERSION = YES;
				CLANG_WARN_DIRECT_OBJC_ISA_USAGE = YES_ERROR;
				CLANG_WARN_EMPTY_BODY = YES;
				CLANG_WARN_ENUM_CONVERSION = YES;
				CLANG_WARN_INT_CONVERSION = YES;
				CLANG_WARN_OBJC_ROOT_CLASS = YES_ERROR;
				CLANG_WARN__DUPLICATE_METHOD_MATCH = YES;
				"CODE_SIGN_IDENTITY[sdk=iphoneos*]" = "iPhone Developer";
				COPY_PHASE_STRIP = NO;
				GCC_C_LANGUAGE_STANDARD = gnu99;
				GCC_DYNAMIC_NO_PIC = NO;
				GCC_OPTIMIZATION_LEVEL = 0;
				GCC_PREPROCESSOR_DEFINITIONS = (
					"DEBUG=1",
					"$(inherited)",
				);
				GCC_SYMBOLS_PRIVATE_EXTERN = NO;
				GCC_WARN_64_TO_32_BIT_CONVERSION = YES;
				GCC_WARN_ABOUT_RETURN_TYPE = YES_ERROR;
				GCC_WARN_UNDECLARED_SELECTOR = YES;
				GCC_WARN_UNINITIALIZED_AUTOS = YES_AGGRESSIVE;
				GCC_WARN_UNUSED_FUNCTION = YES;
				GCC_WARN_UNUSED_VARIABLE = YES;
				IPHONEOS_DEPLOYMENT_TARGET = 7.1;
				ONLY_ACTIVE_ARCH = YES;
				PROVISIONING_PROFILE = "BCD0A5BC-0B0B-45FD-A44A-C5C6AED636DF";
				SDKROOT = iphoneos;
			};
			name = Debug;
		};
		70AA129818F43F590069250A /* Release */ = {
			isa = XCBuildConfiguration;
			buildSettings = {
				ALWAYS_SEARCH_USER_PATHS = NO;
				CLANG_CXX_LANGUAGE_STANDARD = "gnu++0x";
				CLANG_CXX_LIBRARY = "libc++";
				CLANG_ENABLE_MODULES = YES;
				CLANG_ENABLE_OBJC_ARC = YES;
				CLANG_WARN_BOOL_CONVERSION = YES;
				CLANG_WARN_CONSTANT_CONVERSION = YES;
				CLANG_WARN_DIRECT_OBJC_ISA_USAGE = YES_ERROR;
				CLANG_WARN_EMPTY_BODY = YES;
				CLANG_WARN_ENUM_CONVERSION = YES;
				CLANG_WARN_INT_CONVERSION = YES;
				CLANG_WARN_OBJC_ROOT_CLASS = YES_ERROR;
				CLANG_WARN__DUPLICATE_METHOD_MATCH = YES;
				"CODE_SIGN_IDENTITY[sdk=iphoneos*]" = "iPhone Developer";
				COPY_PHASE_STRIP = YES;
				ENABLE_NS_ASSERTIONS = NO;
				GCC_C_LANGUAGE_STANDARD = gnu99;
				GCC_WARN_64_TO_32_BIT_CONVERSION = YES;
				GCC_WARN_ABOUT_RETURN_TYPE = YES_ERROR;
				GCC_WARN_UNDECLARED_SELECTOR = YES;
				GCC_WARN_UNINITIALIZED_AUTOS = YES_AGGRESSIVE;
				GCC_WARN_UNUSED_FUNCTION = YES;
				GCC_WARN_UNUSED_VARIABLE = YES;
				IPHONEOS_DEPLOYMENT_TARGET = 7.1;
				PROVISIONING_PROFILE = "BCD0A5BC-0B0B-45FD-A44A-C5C6AED636DF";
				SDKROOT = iphoneos;
				VALIDATE_PRODUCT = YES;
			};
			name = Release;
		};
		70AA129A18F43F590069250A /* Debug */ = {
			isa = XCBuildConfiguration;
			baseConfigurationReference = 1B5EAC0174F244EEAE5F10ED /* Pods.xcconfig */;
			buildSettings = {
				ASSETCATALOG_COMPILER_APPICON_NAME = AppIcon;
				ASSETCATALOG_COMPILER_LAUNCHIMAGE_NAME = LaunchImage;
				GCC_PRECOMPILE_PREFIX_HEADER = YES;
				GCC_PREFIX_HEADER = "EwwKittens/EwwKittens-Prefix.pch";
				INFOPLIST_FILE = "EwwKittens/EwwKittens-Info.plist";
				PRODUCT_NAME = "$(TARGET_NAME)";
				PROVISIONING_PROFILE = "BCD0A5BC-0B0B-45FD-A44A-C5C6AED636DF";
				WRAPPER_EXTENSION = app;
			};
			name = Debug;
		};
		70AA129B18F43F590069250A /* Release */ = {
			isa = XCBuildConfiguration;
			baseConfigurationReference = 1B5EAC0174F244EEAE5F10ED /* Pods.xcconfig */;
			buildSettings = {
				ASSETCATALOG_COMPILER_APPICON_NAME = AppIcon;
				ASSETCATALOG_COMPILER_LAUNCHIMAGE_NAME = LaunchImage;
				GCC_PRECOMPILE_PREFIX_HEADER = YES;
				GCC_PREFIX_HEADER = "EwwKittens/EwwKittens-Prefix.pch";
				INFOPLIST_FILE = "EwwKittens/EwwKittens-Info.plist";
				PRODUCT_NAME = "$(TARGET_NAME)";
				PROVISIONING_PROFILE = "BCD0A5BC-0B0B-45FD-A44A-C5C6AED636DF";
				WRAPPER_EXTENSION = app;
			};
			name = Release;
		};
		70AA129D18F43F590069250A /* Debug */ = {
			isa = XCBuildConfiguration;
			buildSettings = {
				BUNDLE_LOADER = "$(BUILT_PRODUCTS_DIR)/EwwKittens.app/EwwKittens";
				FRAMEWORK_SEARCH_PATHS = (
					"$(SDKROOT)/Developer/Library/Frameworks",
					"$(inherited)",
					"$(DEVELOPER_FRAMEWORKS_DIR)",
				);
				GCC_PRECOMPILE_PREFIX_HEADER = YES;
				GCC_PREFIX_HEADER = "EwwKittens/EwwKittens-Prefix.pch";
				GCC_PREPROCESSOR_DEFINITIONS = (
					"DEBUG=1",
					"$(inherited)",
				);
				INFOPLIST_FILE = "EwwKittensTests/EwwKittensTests-Info.plist";
				PRODUCT_NAME = "$(TARGET_NAME)";
				TEST_HOST = "$(BUNDLE_LOADER)";
				WRAPPER_EXTENSION = xctest;
			};
			name = Debug;
		};
		70AA129E18F43F590069250A /* Release */ = {
			isa = XCBuildConfiguration;
			buildSettings = {
				BUNDLE_LOADER = "$(BUILT_PRODUCTS_DIR)/EwwKittens.app/EwwKittens";
				FRAMEWORK_SEARCH_PATHS = (
					"$(SDKROOT)/Developer/Library/Frameworks",
					"$(inherited)",
					"$(DEVELOPER_FRAMEWORKS_DIR)",
				);
				GCC_PRECOMPILE_PREFIX_HEADER = YES;
				GCC_PREFIX_HEADER = "EwwKittens/EwwKittens-Prefix.pch";
				INFOPLIST_FILE = "EwwKittensTests/EwwKittensTests-Info.plist";
				PRODUCT_NAME = "$(TARGET_NAME)";
				TEST_HOST = "$(BUNDLE_LOADER)";
				WRAPPER_EXTENSION = xctest;
			};
			name = Release;
		};
/* End XCBuildConfiguration section */

/* Begin XCConfigurationList section */
		70AA126218F43F540069250A /* Build configuration list for PBXProject "EwwKittens" */ = {
			isa = XCConfigurationList;
			buildConfigurations = (
				70AA129718F43F590069250A /* Debug */,
				70AA129818F43F590069250A /* Release */,
			);
			defaultConfigurationIsVisible = 0;
			defaultConfigurationName = Release;
		};
		70AA129918F43F590069250A /* Build configuration list for PBXNativeTarget "EwwKittens" */ = {
			isa = XCConfigurationList;
			buildConfigurations = (
				70AA129A18F43F590069250A /* Debug */,
				70AA129B18F43F590069250A /* Release */,
			);
			defaultConfigurationIsVisible = 0;
			defaultConfigurationName = Release;
		};
		70AA129C18F43F590069250A /* Build configuration list for PBXNativeTarget "EwwKittensTests" */ = {
			isa = XCConfigurationList;
			buildConfigurations = (
				70AA129D18F43F590069250A /* Debug */,
				70AA129E18F43F590069250A /* Release */,
			);
			defaultConfigurationIsVisible = 0;
			defaultConfigurationName = Release;
		};
/* End XCConfigurationList section */
	};
	rootObject = 70AA125F18F43F540069250A /* Project object */;
}
